
Microsoft Visual Studio Solution File, Format Version 12.00
# Visual Studio Version 16
VisualStudioVersion = 16.0.810.6
MinimumVisualStudioVersion = 10.0.40219.1
Project("{FAE04EC0-301F-11D3-BF4B-00C04F79EFBC}") = "apiGNews", "apiGNews\apiGNews.csproj", "{8A31EE85-03DD-4C8E-90E3-D706D635F28A}"
EndProject
Project("{E53339B2-1760-4266-BCC7-CA923CBCF16C}") = "docker-compose", "docker-compose.dcproj", "{94248BAA-0F07-4CC3-BFB9-E08AD7BD7CAE}"
EndProject
Global
	GlobalSection(SolutionConfigurationPlatforms) = preSolution
		Debug|Any CPU = Debug|Any CPU
		Release|Any CPU = Release|Any CPU
	EndGlobalSection
	GlobalSection(ProjectConfigurationPlatforms) = postSolution
		{8A31EE85-03DD-4C8E-90E3-D706D635F28A}.Debug|Any CPU.ActiveCfg = Debug|Any CPU
		{8A31EE85-03DD-4C8E-90E3-D706D635F28A}.Debug|Any CPU.Build.0 = Debug|Any CPU
		{8A31EE85-03DD-4C8E-90E3-D706D635F28A}.Release|Any CPU.ActiveCfg = Release|Any CPU
		{8A31EE85-03DD-4C8E-90E3-D706D635F28A}.Release|Any CPU.Build.0 = Release|Any CPU
		{94248BAA-0F07-4CC3-BFB9-E08AD7BD7CAE}.Debug|Any CPU.ActiveCfg = Debug|Any CPU
		{94248BAA-0F07-4CC3-BFB9-E08AD7BD7CAE}.Debug|Any CPU.Build.0 = Debug|Any CPU
		{94248BAA-0F07-4CC3-BFB9-E08AD7BD7CAE}.Release|Any CPU.ActiveCfg = Release|Any CPU
		{94248BAA-0F07-4CC3-BFB9-E08AD7BD7CAE}.Release|Any CPU.Build.0 = Release|Any CPU
	EndGlobalSection
	GlobalSection(SolutionProperties) = preSolution
		HideSolutionNode = FALSE
	EndGlobalSection
	GlobalSection(ExtensibilityGlobals) = postSolution
		SolutionGuid = {0065D6E1-EC76-49FC-AFE9-25F18F4AFF4E}
	EndGlobalSection
EndGlobal
